
Microsoft Visual Studio Solution File, Format Version 12.00
# Visual Studio Version 16
VisualStudioVersion = 16.0.810.17
MinimumVisualStudioVersion = 10.0.40219.1
Project("{FAE04EC0-301F-11D3-BF4B-00C04F79EFBC}") = "MovieCollection", "MovieCollection.csproj", "{13BE2CAB-3A92-4CC3-A0FB-1CEB8019DA24}"
EndProject
Global
	GlobalSection(SolutionConfigurationPlatforms) = preSolution
		Debug|Any CPU = Debug|Any CPU
		Release|Any CPU = Release|Any CPU
	EndGlobalSection
	GlobalSection(ProjectConfigurationPlatforms) = postSolution
		{13BE2CAB-3A92-4CC3-A0FB-1CEB8019DA24}.Debug|Any CPU.ActiveCfg = Debug|Any CPU
		{13BE2CAB-3A92-4CC3-A0FB-1CEB8019DA24}.Debug|Any CPU.Build.0 = Debug|Any CPU
		{13BE2CAB-3A92-4CC3-A0FB-1CEB8019DA24}.Release|Any CPU.ActiveCfg = Release|Any CPU
		{13BE2CAB-3A92-4CC3-A0FB-1CEB8019DA24}.Release|Any CPU.Build.0 = Release|Any CPU
	EndGlobalSection
	GlobalSection(SolutionProperties) = preSolution
		HideSolutionNode = FALSE
	EndGlobalSection
	GlobalSection(ExtensibilityGlobals) = postSolution
		SolutionGuid = {F58F7C7B-6724-402F-8CFD-779E1BFCFBFD}
	EndGlobalSection
	GlobalSection(MonoDevelopProperties) = preSolution
		Policies = $0
		$0.DotNetNamingPolicy = $1
		$1.DirectoryNamespaceAssociation = PrefixedHierarchical
		$0.StandardHeader = $2
		$0.VersionControlPolicy = $3
	EndGlobalSection
EndGlobal
